
Microsoft Visual Studio Solution File, Format Version 12.00
# Visual Studio 15
VisualStudioVersion = 15.0.27703.2042
MinimumVisualStudioVersion = 10.0.40219.1
Project("{FAE04EC0-301F-11D3-BF4B-00C04F79EFBC}") = "newHotel", "newHotel\newHotel.csproj", "{E08FDACB-CB7E-418C-BEC3-E61CC007B23A}"
EndProject
Global
	GlobalSection(SolutionConfigurationPlatforms) = preSolution
		Debug|Any CPU = Debug|Any CPU
		Release|Any CPU = Release|Any CPU
	EndGlobalSection
	GlobalSection(ProjectConfigurationPlatforms) = postSolution
		{E08FDACB-CB7E-418C-BEC3-E61CC007B23A}.Debug|Any CPU.ActiveCfg = Debug|Any CPU
		{E08FDACB-CB7E-418C-BEC3-E61CC007B23A}.Debug|Any CPU.Build.0 = Debug|Any CPU
		{E08FDACB-CB7E-418C-BEC3-E61CC007B23A}.Release|Any CPU.ActiveCfg = Release|Any CPU
		{E08FDACB-CB7E-418C-BEC3-E61CC007B23A}.Release|Any CPU.Build.0 = Release|Any CPU
	EndGlobalSection
	GlobalSection(SolutionProperties) = preSolution
		HideSolutionNode = FALSE
	EndGlobalSection
	GlobalSection(ExtensibilityGlobals) = postSolution
		SolutionGuid = {D11208FB-399B-436D-AB44-FE3176A42C45}
	EndGlobalSection
EndGlobal
